
Microsoft Visual Studio Solution File, Format Version 12.00
# Visual Studio Version 17
VisualStudioVersion = 17.10.35122.118
MinimumVisualStudioVersion = 10.0.40219.1
Project("{FAE04EC0-301F-11D3-BF4B-00C04F79EFBC}") = "Deal or No Deal Game", "Deal or No Deal Game.csproj", "{312DADA3-CACE-41E9-8267-2A654171C150}"
EndProject
Global
	GlobalSection(SolutionConfigurationPlatforms) = preSolution
		Debug|Any CPU = Debug|Any CPU
		Release|Any CPU = Release|Any CPU
	EndGlobalSection
	GlobalSection(ProjectConfigurationPlatforms) = postSolution
		{312DADA3-CACE-41E9-8267-2A654171C150}.Debug|Any CPU.ActiveCfg = Debug|Any CPU
		{312DADA3-CACE-41E9-8267-2A654171C150}.Debug|Any CPU.Build.0 = Debug|Any CPU
		{312DADA3-CACE-41E9-8267-2A654171C150}.Release|Any CPU.ActiveCfg = Release|Any CPU
		{312DADA3-CACE-41E9-8267-2A654171C150}.Release|Any CPU.Build.0 = Release|Any CPU
	EndGlobalSection
	GlobalSection(SolutionProperties) = preSolution
		HideSolutionNode = FALSE
	EndGlobalSection
	GlobalSection(ExtensibilityGlobals) = postSolution
		SolutionGuid = {3776C6C3-9289-4168-BE2E-E7C2BD4DC21C}
	EndGlobalSection
EndGlobal
